// !$*UTF8*$!
{
	archiveVersion = 1;
	classes = {
	};
	objectVersion = 56;
	objects = {

/* Begin PBXBuildFile section */
		6A6025FF2A6F919A002A4759 /* CustomAVPlayer.docc in Sources */ = {isa = PBXBuildFile; fileRef = 6A6025FE2A6F919A002A4759 /* CustomAVPlayer.docc */; };
		6A6026052A6F919A002A4759 /* CustomAVPlayer.framework in Frameworks */ = {isa = PBXBuildFile; fileRef = 6A6025FA2A6F919A002A4759 /* CustomAVPlayer.framework */; };
		6A60260A2A6F919A002A4759 /* CustomAVPlayerTests.swift in Sources */ = {isa = PBXBuildFile; fileRef = 6A6026092A6F919A002A4759 /* CustomAVPlayerTests.swift */; };
		6A60260B2A6F919A002A4759 /* CustomAVPlayer.h in Headers */ = {isa = PBXBuildFile; fileRef = 6A6025FD2A6F919A002A4759 /* CustomAVPlayer.h */; settings = {ATTRIBUTES = (Public, ); }; };
		6AACE9622A7115BF00155C76 /* Helper.swift in Sources */ = {isa = PBXBuildFile; fileRef = 6AACE9612A7115BF00155C76 /* Helper.swift */; };
		6AC4777A2A70E51500358257 /* VideoPlayerView+AVPlayer.swift in Sources */ = {isa = PBXBuildFile; fileRef = 6AC477792A70E51500358257 /* VideoPlayerView+AVPlayer.swift */; };
		6AC4777C2A70E53E00358257 /* VideoPlayerView+Accessibility.swift in Sources */ = {isa = PBXBuildFile; fileRef = 6AC4777B2A70E53E00358257 /* VideoPlayerView+Accessibility.swift */; };
		6AC4777E2A70E55C00358257 /* VideoPlayerView.swift in Sources */ = {isa = PBXBuildFile; fileRef = 6AC4777D2A70E55C00358257 /* VideoPlayerView.swift */; };
		6AC477802A70E71900358257 /* VideoPlayerView.xib in Resources */ = {isa = PBXBuildFile; fileRef = 6AC4777F2A70E71900358257 /* VideoPlayerView.xib */; };
		9330C0EE2A712C370016CB53 /* IconSize.swift in Sources */ = {isa = PBXBuildFile; fileRef = 9330C0ED2A712C370016CB53 /* IconSize.swift */; };
		9330C0F02A712C3C0016CB53 /* SliderPosition.swift in Sources */ = {isa = PBXBuildFile; fileRef = 9330C0EF2A712C3C0016CB53 /* SliderPosition.swift */; };
		933AE5992A71173900FB2285 /* MuteButton.swift in Sources */ = {isa = PBXBuildFile; fileRef = 933AE5932A71173900FB2285 /* MuteButton.swift */; };
		933AE59A2A71173900FB2285 /* PlayPauseButton.swift in Sources */ = {isa = PBXBuildFile; fileRef = 933AE5942A71173900FB2285 /* PlayPauseButton.swift */; };
		933AE59B2A71173900FB2285 /* ForwardBackwardButton.swift in Sources */ = {isa = PBXBuildFile; fileRef = 933AE5952A71173900FB2285 /* ForwardBackwardButton.swift */; };
		933AE59C2A71173900FB2285 /* Enums.swift in Sources */ = {isa = PBXBuildFile; fileRef = 933AE5962A71173900FB2285 /* Enums.swift */; };
		933AE59D2A71173900FB2285 /* Constants.swift in Sources */ = {isa = PBXBuildFile; fileRef = 933AE5972A71173900FB2285 /* Constants.swift */; };
		933AE59E2A71173900FB2285 /* LockControlsButton.swift in Sources */ = {isa = PBXBuildFile; fileRef = 933AE5982A71173900FB2285 /* LockControlsButton.swift */; };
		9343CD4B2A7011120060F9D8 /* CustomSlider.swift in Sources */ = {isa = PBXBuildFile; fileRef = 9343CD4A2A7011120060F9D8 /* CustomSlider.swift */; };
		93EE98612A7278250073D844 /* TimeLabelView.swift in Sources */ = {isa = PBXBuildFile; fileRef = 93EE98602A7278250073D844 /* TimeLabelView.swift */; };
		93EE98632A7283D80073D844 /* Seek+TimeLabelView.swift in Sources */ = {isa = PBXBuildFile; fileRef = 93EE98622A7283D80073D844 /* Seek+TimeLabelView.swift */; };
		93EE98652A7296200073D844 /* CustomLabels.swift in Sources */ = {isa = PBXBuildFile; fileRef = 93EE98642A7296200073D844 /* CustomLabels.swift */; };
/* End PBXBuildFile section */

/* Begin PBXContainerItemProxy section */
		6A6026062A6F919A002A4759 /* PBXContainerItemProxy */ = {
			isa = PBXContainerItemProxy;
			containerPortal = 6A6025F12A6F919A002A4759 /* Project object */;
			proxyType = 1;
			remoteGlobalIDString = 6A6025F92A6F919A002A4759;
			remoteInfo = CustomAVPlayer;
		};
/* End PBXContainerItemProxy section */

/* Begin PBXFileReference section */
		6A6025FA2A6F919A002A4759 /* CustomAVPlayer.framework */ = {isa = PBXFileReference; explicitFileType = wrapper.framework; includeInIndex = 0; path = CustomAVPlayer.framework; sourceTree = BUILT_PRODUCTS_DIR; };
		6A6025FD2A6F919A002A4759 /* CustomAVPlayer.h */ = {isa = PBXFileReference; lastKnownFileType = sourcecode.c.h; path = CustomAVPlayer.h; sourceTree = "<group>"; };
		6A6025FE2A6F919A002A4759 /* CustomAVPlayer.docc */ = {isa = PBXFileReference; lastKnownFileType = folder.documentationcatalog; path = CustomAVPlayer.docc; sourceTree = "<group>"; };
		6A6026042A6F919A002A4759 /* CustomAVPlayerTests.xctest */ = {isa = PBXFileReference; explicitFileType = wrapper.cfbundle; includeInIndex = 0; path = CustomAVPlayerTests.xctest; sourceTree = BUILT_PRODUCTS_DIR; };
		6A6026092A6F919A002A4759 /* CustomAVPlayerTests.swift */ = {isa = PBXFileReference; lastKnownFileType = sourcecode.swift; path = CustomAVPlayerTests.swift; sourceTree = "<group>"; };
		6AACE9612A7115BF00155C76 /* Helper.swift */ = {isa = PBXFileReference; lastKnownFileType = sourcecode.swift; path = Helper.swift; sourceTree = "<group>"; };
		6AC477792A70E51500358257 /* VideoPlayerView+AVPlayer.swift */ = {isa = PBXFileReference; lastKnownFileType = sourcecode.swift; path = "VideoPlayerView+AVPlayer.swift"; sourceTree = "<group>"; };
		6AC4777B2A70E53E00358257 /* VideoPlayerView+Accessibility.swift */ = {isa = PBXFileReference; lastKnownFileType = sourcecode.swift; path = "VideoPlayerView+Accessibility.swift"; sourceTree = "<group>"; };
		6AC4777D2A70E55C00358257 /* VideoPlayerView.swift */ = {isa = PBXFileReference; lastKnownFileType = sourcecode.swift; path = VideoPlayerView.swift; sourceTree = "<group>"; };
		6AC4777F2A70E71900358257 /* VideoPlayerView.xib */ = {isa = PBXFileReference; fileEncoding = 4; lastKnownFileType = file.xib; path = VideoPlayerView.xib; sourceTree = "<group>"; };
		9330C0ED2A712C370016CB53 /* IconSize.swift */ = {isa = PBXFileReference; fileEncoding = 4; lastKnownFileType = sourcecode.swift; path = IconSize.swift; sourceTree = "<group>"; };
		9330C0EF2A712C3C0016CB53 /* SliderPosition.swift */ = {isa = PBXFileReference; fileEncoding = 4; lastKnownFileType = sourcecode.swift; path = SliderPosition.swift; sourceTree = "<group>"; };
		933AE5932A71173900FB2285 /* MuteButton.swift */ = {isa = PBXFileReference; fileEncoding = 4; lastKnownFileType = sourcecode.swift; path = MuteButton.swift; sourceTree = "<group>"; };
		933AE5942A71173900FB2285 /* PlayPauseButton.swift */ = {isa = PBXFileReference; fileEncoding = 4; lastKnownFileType = sourcecode.swift; path = PlayPauseButton.swift; sourceTree = "<group>"; };
		933AE5952A71173900FB2285 /* ForwardBackwardButton.swift */ = {isa = PBXFileReference; fileEncoding = 4; lastKnownFileType = sourcecode.swift; path = ForwardBackwardButton.swift; sourceTree = "<group>"; };
		933AE5962A71173900FB2285 /* Enums.swift */ = {isa = PBXFileReference; fileEncoding = 4; lastKnownFileType = sourcecode.swift; path = Enums.swift; sourceTree = "<group>"; };
		933AE5972A71173900FB2285 /* Constants.swift */ = {isa = PBXFileReference; fileEncoding = 4; lastKnownFileType = sourcecode.swift; path = Constants.swift; sourceTree = "<group>"; };
		933AE5982A71173900FB2285 /* LockControlsButton.swift */ = {isa = PBXFileReference; fileEncoding = 4; lastKnownFileType = sourcecode.swift; path = LockControlsButton.swift; sourceTree = "<group>"; };
		9343CD4A2A7011120060F9D8 /* CustomSlider.swift */ = {isa = PBXFileReference; lastKnownFileType = sourcecode.swift; path = CustomSlider.swift; sourceTree = "<group>"; };
		93EE98602A7278250073D844 /* TimeLabelView.swift */ = {isa = PBXFileReference; lastKnownFileType = sourcecode.swift; path = TimeLabelView.swift; sourceTree = "<group>"; };
		93EE98622A7283D80073D844 /* Seek+TimeLabelView.swift */ = {isa = PBXFileReference; lastKnownFileType = sourcecode.swift; path = "Seek+TimeLabelView.swift"; sourceTree = "<group>"; };
		93EE98642A7296200073D844 /* CustomLabels.swift */ = {isa = PBXFileReference; lastKnownFileType = sourcecode.swift; path = CustomLabels.swift; sourceTree = "<group>"; };
/* End PBXFileReference section */

/* Begin PBXFrameworksBuildPhase section */
		6A6025F72A6F919A002A4759 /* Frameworks */ = {
			isa = PBXFrameworksBuildPhase;
			buildActionMask = 2147483647;
			files = (
			);
			runOnlyForDeploymentPostprocessing = 0;
		};
		6A6026012A6F919A002A4759 /* Frameworks */ = {
			isa = PBXFrameworksBuildPhase;
			buildActionMask = 2147483647;
			files = (
				6A6026052A6F919A002A4759 /* CustomAVPlayer.framework in Frameworks */,
			);
			runOnlyForDeploymentPostprocessing = 0;
		};
/* End PBXFrameworksBuildPhase section */

/* Begin PBXGroup section */
		6A6025F02A6F919A002A4759 = {
			isa = PBXGroup;
			children = (
				6A6025FC2A6F919A002A4759 /* CustomAVPlayer */,
				6A6026082A6F919A002A4759 /* CustomAVPlayerTests */,
				6A6025FB2A6F919A002A4759 /* Products */,
				933AE5CD2A711E4F00FB2285 /* Frameworks */,
			);
			sourceTree = "<group>";
		};
		6A6025FB2A6F919A002A4759 /* Products */ = {
			isa = PBXGroup;
			children = (
				6A6025FA2A6F919A002A4759 /* CustomAVPlayer.framework */,
				6A6026042A6F919A002A4759 /* CustomAVPlayerTests.xctest */,
			);
			name = Products;
			sourceTree = "<group>";
		};
		6A6025FC2A6F919A002A4759 /* CustomAVPlayer */ = {
			isa = PBXGroup;
			children = (
				93EE985F2A7277ED0073D844 /* Views */,
				933AE5922A71172800FB2285 /* Controls */,
				6AACE9602A7115A700155C76 /* Static */,
				6AC477782A70E4F800358257 /* Extensions */,
				9330C0EC2A712C200016CB53 /* Enums */,
				6A6025FD2A6F919A002A4759 /* CustomAVPlayer.h */,
				6A6025FE2A6F919A002A4759 /* CustomAVPlayer.docc */,
				9343CD4A2A7011120060F9D8 /* CustomSlider.swift */,
				6AC4777F2A70E71900358257 /* VideoPlayerView.xib */,
				6AC4777D2A70E55C00358257 /* VideoPlayerView.swift */,
				93EE98642A7296200073D844 /* CustomLabels.swift */,
			);
			path = CustomAVPlayer;
			sourceTree = "<group>";
		};
		6A6026082A6F919A002A4759 /* CustomAVPlayerTests */ = {
			isa = PBXGroup;
			children = (
				6A6026092A6F919A002A4759 /* CustomAVPlayerTests.swift */,
			);
			path = CustomAVPlayerTests;
			sourceTree = "<group>";
		};
		6AACE9602A7115A700155C76 /* Static */ = {
			isa = PBXGroup;
			children = (
				6AACE9612A7115BF00155C76 /* Helper.swift */,
			);
			path = Static;
			sourceTree = "<group>";
		};
		6AC477782A70E4F800358257 /* Extensions */ = {
			isa = PBXGroup;
			children = (
				6AC477792A70E51500358257 /* VideoPlayerView+AVPlayer.swift */,
				6AC4777B2A70E53E00358257 /* VideoPlayerView+Accessibility.swift */,
			);
			path = Extensions;
			sourceTree = "<group>";
		};
		9330C0EC2A712C200016CB53 /* Enums */ = {
			isa = PBXGroup;
			children = (
				9330C0EF2A712C3C0016CB53 /* SliderPosition.swift */,
				9330C0ED2A712C370016CB53 /* IconSize.swift */,
			);
			path = Enums;
			sourceTree = "<group>";
		};
		933AE5922A71172800FB2285 /* Controls */ = {
			isa = PBXGroup;
			children = (
				933AE5972A71173900FB2285 /* Constants.swift */,
				933AE5962A71173900FB2285 /* Enums.swift */,
				933AE5952A71173900FB2285 /* ForwardBackwardButton.swift */,
				933AE5932A71173900FB2285 /* MuteButton.swift */,
				933AE5942A71173900FB2285 /* PlayPauseButton.swift */,
				933AE5982A71173900FB2285 /* LockControlsButton.swift */,
			);
			path = Controls;
			sourceTree = "<group>";
		};
		933AE5CD2A711E4F00FB2285 /* Frameworks */ = {
			isa = PBXGroup;
			children = (
			);
			name = Frameworks;
			sourceTree = "<group>";
		};
		93EE985F2A7277ED0073D844 /* Views */ = {
			isa = PBXGroup;
			children = (
				93EE98602A7278250073D844 /* TimeLabelView.swift */,
				93EE98622A7283D80073D844 /* Seek+TimeLabelView.swift */,
			);
			path = Views;
			sourceTree = "<group>";
		};
/* End PBXGroup section */

/* Begin PBXHeadersBuildPhase section */
		6A6025F52A6F919A002A4759 /* Headers */ = {
			isa = PBXHeadersBuildPhase;
			buildActionMask = 2147483647;
			files = (
				6A60260B2A6F919A002A4759 /* CustomAVPlayer.h in Headers */,
			);
			runOnlyForDeploymentPostprocessing = 0;
		};
/* End PBXHeadersBuildPhase section */

/* Begin PBXNativeTarget section */
		6A6025F92A6F919A002A4759 /* CustomAVPlayer */ = {
			isa = PBXNativeTarget;
			buildConfigurationList = 6A60260E2A6F919A002A4759 /* Build configuration list for PBXNativeTarget "CustomAVPlayer" */;
			buildPhases = (
				6A6025F52A6F919A002A4759 /* Headers */,
				6A6025F62A6F919A002A4759 /* Sources */,
				6A6025F72A6F919A002A4759 /* Frameworks */,
				6A6025F82A6F919A002A4759 /* Resources */,
			);
			buildRules = (
			);
			dependencies = (
			);
			name = CustomAVPlayer;
			productName = CustomAVPlayer;
			productReference = 6A6025FA2A6F919A002A4759 /* CustomAVPlayer.framework */;
			productType = "com.apple.product-type.framework";
		};
		6A6026032A6F919A002A4759 /* CustomAVPlayerTests */ = {
			isa = PBXNativeTarget;
			buildConfigurationList = 6A6026112A6F919A002A4759 /* Build configuration list for PBXNativeTarget "CustomAVPlayerTests" */;
			buildPhases = (
				6A6026002A6F919A002A4759 /* Sources */,
				6A6026012A6F919A002A4759 /* Frameworks */,
				6A6026022A6F919A002A4759 /* Resources */,
			);
			buildRules = (
			);
			dependencies = (
				6A6026072A6F919A002A4759 /* PBXTargetDependency */,
			);
			name = CustomAVPlayerTests;
			productName = CustomAVPlayerTests;
			productReference = 6A6026042A6F919A002A4759 /* CustomAVPlayerTests.xctest */;
			productType = "com.apple.product-type.bundle.unit-test";
		};
/* End PBXNativeTarget section */

/* Begin PBXProject section */
		6A6025F12A6F919A002A4759 /* Project object */ = {
			isa = PBXProject;
			attributes = {
				BuildIndependentTargetsInParallel = 1;
				LastSwiftUpdateCheck = 1420;
				LastUpgradeCheck = 1420;
				TargetAttributes = {
					6A6025F92A6F919A002A4759 = {
						CreatedOnToolsVersion = 14.2;
					};
					6A6026032A6F919A002A4759 = {
						CreatedOnToolsVersion = 14.2;
					};
				};
			};
			buildConfigurationList = 6A6025F42A6F919A002A4759 /* Build configuration list for PBXProject "CustomAVPlayer" */;
			compatibilityVersion = "Xcode 14.0";
			developmentRegion = en;
			hasScannedForEncodings = 0;
			knownRegions = (
				en,
				Base,
			);
			mainGroup = 6A6025F02A6F919A002A4759;
			productRefGroup = 6A6025FB2A6F919A002A4759 /* Products */;
			projectDirPath = "";
			projectRoot = "";
			targets = (
				6A6025F92A6F919A002A4759 /* CustomAVPlayer */,
				6A6026032A6F919A002A4759 /* CustomAVPlayerTests */,
			);
		};
/* End PBXProject section */

/* Begin PBXResourcesBuildPhase section */
		6A6025F82A6F919A002A4759 /* Resources */ = {
			isa = PBXResourcesBuildPhase;
			buildActionMask = 2147483647;
			files = (
				6AC477802A70E71900358257 /* VideoPlayerView.xib in Resources */,
			);
			runOnlyForDeploymentPostprocessing = 0;
		};
		6A6026022A6F919A002A4759 /* Resources */ = {
			isa = PBXResourcesBuildPhase;
			buildActionMask = 2147483647;
			files = (
			);
			runOnlyForDeploymentPostprocessing = 0;
		};
/* End PBXResourcesBuildPhase section */

/* Begin PBXSourcesBuildPhase section */
		6A6025F62A6F919A002A4759 /* Sources */ = {
			isa = PBXSourcesBuildPhase;
			buildActionMask = 2147483647;
			files = (
				93EE98632A7283D80073D844 /* Seek+TimeLabelView.swift in Sources */,
				9330C0EE2A712C370016CB53 /* IconSize.swift in Sources */,
				6AC4777A2A70E51500358257 /* VideoPlayerView+AVPlayer.swift in Sources */,
				6A6025FF2A6F919A002A4759 /* CustomAVPlayer.docc in Sources */,
				9343CD4B2A7011120060F9D8 /* CustomSlider.swift in Sources */,
				9330C0F02A712C3C0016CB53 /* SliderPosition.swift in Sources */,
				6AACE9622A7115BF00155C76 /* Helper.swift in Sources */,
				6AC4777C2A70E53E00358257 /* VideoPlayerView+Accessibility.swift in Sources */,
				6AC4777E2A70E55C00358257 /* VideoPlayerView.swift in Sources */,
				933AE59B2A71173900FB2285 /* ForwardBackwardButton.swift in Sources */,
				93EE98652A7296200073D844 /* CustomLabels.swift in Sources */,
				933AE59A2A71173900FB2285 /* PlayPauseButton.swift in Sources */,
				933AE59E2A71173900FB2285 /* LockControlsButton.swift in Sources */,
				93EE98612A7278250073D844 /* TimeLabelView.swift in Sources */,
				933AE59C2A71173900FB2285 /* Enums.swift in Sources */,
				933AE5992A71173900FB2285 /* MuteButton.swift in Sources */,
				933AE59D2A71173900FB2285 /* Constants.swift in Sources */,
			);
			runOnlyForDeploymentPostprocessing = 0;
		};
		6A6026002A6F919A002A4759 /* Sources */ = {
			isa = PBXSourcesBuildPhase;
			buildActionMask = 2147483647;
			files = (
				6A60260A2A6F919A002A4759 /* CustomAVPlayerTests.swift in Sources */,
			);
			runOnlyForDeploymentPostprocessing = 0;
		};
/* End PBXSourcesBuildPhase section */

/* Begin PBXTargetDependency section */
		6A6026072A6F919A002A4759 /* PBXTargetDependency */ = {
			isa = PBXTargetDependency;
			target = 6A6025F92A6F919A002A4759 /* CustomAVPlayer */;
			targetProxy = 6A6026062A6F919A002A4759 /* PBXContainerItemProxy */;
		};
/* End PBXTargetDependency section */

/* Begin XCBuildConfiguration section */
		6A60260C2A6F919A002A4759 /* Debug */ = {
			isa = XCBuildConfiguration;
			buildSettings = {
				ALWAYS_SEARCH_USER_PATHS = NO;
				CLANG_ANALYZER_NONNULL = YES;
				CLANG_ANALYZER_NUMBER_OBJECT_CONVERSION = YES_AGGRESSIVE;
				CLANG_CXX_LANGUAGE_STANDARD = "gnu++20";
				CLANG_ENABLE_MODULES = YES;
				CLANG_ENABLE_OBJC_ARC = YES;
				CLANG_ENABLE_OBJC_WEAK = YES;
				CLANG_WARN_BLOCK_CAPTURE_AUTORELEASING = YES;
				CLANG_WARN_BOOL_CONVERSION = YES;
				CLANG_WARN_COMMA = YES;
				CLANG_WARN_CONSTANT_CONVERSION = YES;
				CLANG_WARN_DEPRECATED_OBJC_IMPLEMENTATIONS = YES;
				CLANG_WARN_DIRECT_OBJC_ISA_USAGE = YES_ERROR;
				CLANG_WARN_DOCUMENTATION_COMMENTS = YES;
				CLANG_WARN_EMPTY_BODY = YES;
				CLANG_WARN_ENUM_CONVERSION = YES;
				CLANG_WARN_INFINITE_RECURSION = YES;
				CLANG_WARN_INT_CONVERSION = YES;
				CLANG_WARN_NON_LITERAL_NULL_CONVERSION = YES;
				CLANG_WARN_OBJC_IMPLICIT_RETAIN_SELF = YES;
				CLANG_WARN_OBJC_LITERAL_CONVERSION = YES;
				CLANG_WARN_OBJC_ROOT_CLASS = YES_ERROR;
				CLANG_WARN_QUOTED_INCLUDE_IN_FRAMEWORK_HEADER = YES;
				CLANG_WARN_RANGE_LOOP_ANALYSIS = YES;
				CLANG_WARN_STRICT_PROTOTYPES = YES;
				CLANG_WARN_SUSPICIOUS_MOVE = YES;
				CLANG_WARN_UNGUARDED_AVAILABILITY = YES_AGGRESSIVE;
				CLANG_WARN_UNREACHABLE_CODE = YES;
				CLANG_WARN__DUPLICATE_METHOD_MATCH = YES;
				COPY_PHASE_STRIP = NO;
				CURRENT_PROJECT_VERSION = 1;
				DEBUG_INFORMATION_FORMAT = dwarf;
				ENABLE_STRICT_OBJC_MSGSEND = YES;
				ENABLE_TESTABILITY = YES;
				GCC_C_LANGUAGE_STANDARD = gnu11;
				GCC_DYNAMIC_NO_PIC = NO;
				GCC_NO_COMMON_BLOCKS = YES;
				GCC_OPTIMIZATION_LEVEL = 0;
				GCC_PREPROCESSOR_DEFINITIONS = (
					"DEBUG=1",
					"$(inherited)",
				);
				GCC_WARN_64_TO_32_BIT_CONVERSION = YES;
				GCC_WARN_ABOUT_RETURN_TYPE = YES_ERROR;
				GCC_WARN_UNDECLARED_SELECTOR = YES;
				GCC_WARN_UNINITIALIZED_AUTOS = YES_AGGRESSIVE;
				GCC_WARN_UNUSED_FUNCTION = YES;
				GCC_WARN_UNUSED_VARIABLE = YES;
				IPHONEOS_DEPLOYMENT_TARGET = 16.2;
				MTL_ENABLE_DEBUG_INFO = INCLUDE_SOURCE;
				MTL_FAST_MATH = YES;
				ONLY_ACTIVE_ARCH = YES;
				SDKROOT = iphoneos;
				SWIFT_ACTIVE_COMPILATION_CONDITIONS = DEBUG;
				SWIFT_OPTIMIZATION_LEVEL = "-Onone";
				VERSIONING_SYSTEM = "apple-generic";
				VERSION_INFO_PREFIX = "";
			};
			name = Debug;
		};
		6A60260D2A6F919A002A4759 /* Release */ = {
			isa = XCBuildConfiguration;
			buildSettings = {
				ALWAYS_SEARCH_USER_PATHS = NO;
				CLANG_ANALYZER_NONNULL = YES;
				CLANG_ANALYZER_NUMBER_OBJECT_CONVERSION = YES_AGGRESSIVE;
				CLANG_CXX_LANGUAGE_STANDARD = "gnu++20";
				CLANG_ENABLE_MODULES = YES;
				CLANG_ENABLE_OBJC_ARC = YES;
				CLANG_ENABLE_OBJC_WEAK = YES;
				CLANG_WARN_BLOCK_CAPTURE_AUTORELEASING = YES;
				CLANG_WARN_BOOL_CONVERSION = YES;
				CLANG_WARN_COMMA = YES;
				CLANG_WARN_CONSTANT_CONVERSION = YES;
				CLANG_WARN_DEPRECATED_OBJC_IMPLEMENTATIONS = YES;
				CLANG_WARN_DIRECT_OBJC_ISA_USAGE = YES_ERROR;
				CLANG_WARN_DOCUMENTATION_COMMENTS = YES;
				CLANG_WARN_EMPTY_BODY = YES;
				CLANG_WARN_ENUM_CONVERSION = YES;
				CLANG_WARN_INFINITE_RECURSION = YES;
				CLANG_WARN_INT_CONVERSION = YES;
				CLANG_WARN_NON_LITERAL_NULL_CONVERSION = YES;
				CLANG_WARN_OBJC_IMPLICIT_RETAIN_SELF = YES;
				CLANG_WARN_OBJC_LITERAL_CONVERSION = YES;
				CLANG_WARN_OBJC_ROOT_CLASS = YES_ERROR;
				CLANG_WARN_QUOTED_INCLUDE_IN_FRAMEWORK_HEADER = YES;
				CLANG_WARN_RANGE_LOOP_ANALYSIS = YES;
				CLANG_WARN_STRICT_PROTOTYPES = YES;
				CLANG_WARN_SUSPICIOUS_MOVE = YES;
				CLANG_WARN_UNGUARDED_AVAILABILITY = YES_AGGRESSIVE;
				CLANG_WARN_UNREACHABLE_CODE = YES;
				CLANG_WARN__DUPLICATE_METHOD_MATCH = YES;
				COPY_PHASE_STRIP = NO;
				CURRENT_PROJECT_VERSION = 1;
				DEBUG_INFORMATION_FORMAT = "dwarf-with-dsym";
				ENABLE_NS_ASSERTIONS = NO;
				ENABLE_STRICT_OBJC_MSGSEND = YES;
				GCC_C_LANGUAGE_STANDARD = gnu11;
				GCC_NO_COMMON_BLOCKS = YES;
				GCC_WARN_64_TO_32_BIT_CONVERSION = YES;
				GCC_WARN_ABOUT_RETURN_TYPE = YES_ERROR;
				GCC_WARN_UNDECLARED_SELECTOR = YES;
				GCC_WARN_UNINITIALIZED_AUTOS = YES_AGGRESSIVE;
				GCC_WARN_UNUSED_FUNCTION = YES;
				GCC_WARN_UNUSED_VARIABLE = YES;
				IPHONEOS_DEPLOYMENT_TARGET = 16.2;
				MTL_ENABLE_DEBUG_INFO = NO;
				MTL_FAST_MATH = YES;
				SDKROOT = iphoneos;
				SWIFT_COMPILATION_MODE = wholemodule;
				SWIFT_OPTIMIZATION_LEVEL = "-O";
				VALIDATE_PRODUCT = YES;
				VERSIONING_SYSTEM = "apple-generic";
				VERSION_INFO_PREFIX = "";
			};
			name = Release;
		};
		6A60260F2A6F919A002A4759 /* Debug */ = {
			isa = XCBuildConfiguration;
			buildSettings = {
				CODE_SIGN_STYLE = Automatic;
				CURRENT_PROJECT_VERSION = 1;
				DEFINES_MODULE = YES;
				DYLIB_COMPATIBILITY_VERSION = 1;
				DYLIB_CURRENT_VERSION = 1;
				DYLIB_INSTALL_NAME_BASE = "@rpath";
				GENERATE_INFOPLIST_FILE = YES;
				INFOPLIST_KEY_NSHumanReadableCopyright = "";
				INSTALL_PATH = "$(LOCAL_LIBRARY_DIR)/Frameworks";
				IPHONEOS_DEPLOYMENT_TARGET = 13.0;
				LD_RUNPATH_SEARCH_PATHS = (
					"$(inherited)",
					"@executable_path/Frameworks",
					"@loader_path/Frameworks",
				);
				MARKETING_VERSION = 1.0;
				PRODUCT_BUNDLE_IDENTIFIER = com.example.CustomAVPlayer;
				PRODUCT_NAME = "$(TARGET_NAME:c99extidentifier)";
				SKIP_INSTALL = YES;
				SWIFT_EMIT_LOC_STRINGS = YES;
				SWIFT_VERSION = 5.0;
				TARGETED_DEVICE_FAMILY = "1,2";
			};
			name = Debug;
		};
		6A6026102A6F919A002A4759 /* Release */ = {
			isa = XCBuildConfiguration;
			buildSettings = {
				CODE_SIGN_STYLE = Automatic;
				CURRENT_PROJECT_VERSION = 1;
				DEFINES_MODULE = YES;
				DYLIB_COMPATIBILITY_VERSION = 1;
				DYLIB_CURRENT_VERSION = 1;
				DYLIB_INSTALL_NAME_BASE = "@rpath";
				GENERATE_INFOPLIST_FILE = YES;
				INFOPLIST_KEY_NSHumanReadableCopyright = "";
				INSTALL_PATH = "$(LOCAL_LIBRARY_DIR)/Frameworks";
				IPHONEOS_DEPLOYMENT_TARGET = 13.0;
				LD_RUNPATH_SEARCH_PATHS = (
					"$(inherited)",
					"@executable_path/Frameworks",
					"@loader_path/Frameworks",
				);
				MARKETING_VERSION = 1.0;
				PRODUCT_BUNDLE_IDENTIFIER = com.example.CustomAVPlayer;
				PRODUCT_NAME = "$(TARGET_NAME:c99extidentifier)";
				SKIP_INSTALL = YES;
				SWIFT_EMIT_LOC_STRINGS = YES;
				SWIFT_VERSION = 5.0;
				TARGETED_DEVICE_FAMILY = "1,2";
			};
			name = Release;
		};
		6A6026122A6F919A002A4759 /* Debug */ = {
			isa = XCBuildConfiguration;
			buildSettings = {
				ALWAYS_EMBED_SWIFT_STANDARD_LIBRARIES = YES;
				CODE_SIGN_STYLE = Automatic;
				CURRENT_PROJECT_VERSION = 1;
				GENERATE_INFOPLIST_FILE = YES;
				MARKETING_VERSION = 1.0;
				PRODUCT_BUNDLE_IDENTIFIER = com.example.CustomAVPlayerTests;
				PRODUCT_NAME = "$(TARGET_NAME)";
				SWIFT_EMIT_LOC_STRINGS = NO;
				SWIFT_VERSION = 5.0;
				TARGETED_DEVICE_FAMILY = "1,2";
			};
			name = Debug;
		};
		6A6026132A6F919A002A4759 /* Release */ = {
			isa = XCBuildConfiguration;
			buildSettings = {
				ALWAYS_EMBED_SWIFT_STANDARD_LIBRARIES = YES;
				CODE_SIGN_STYLE = Automatic;
				CURRENT_PROJECT_VERSION = 1;
				GENERATE_INFOPLIST_FILE = YES;
				MARKETING_VERSION = 1.0;
				PRODUCT_BUNDLE_IDENTIFIER = com.example.CustomAVPlayerTests;
				PRODUCT_NAME = "$(TARGET_NAME)";
				SWIFT_EMIT_LOC_STRINGS = NO;
				SWIFT_VERSION = 5.0;
				TARGETED_DEVICE_FAMILY = "1,2";
			};
			name = Release;
		};
/* End XCBuildConfiguration section */

/* Begin XCConfigurationList section */
		6A6025F42A6F919A002A4759 /* Build configuration list for PBXProject "CustomAVPlayer" */ = {
			isa = XCConfigurationList;
			buildConfigurations = (
				6A60260C2A6F919A002A4759 /* Debug */,
				6A60260D2A6F919A002A4759 /* Release */,
			);
			defaultConfigurationIsVisible = 0;
			defaultConfigurationName = Release;
		};
		6A60260E2A6F919A002A4759 /* Build configuration list for PBXNativeTarget "CustomAVPlayer" */ = {
			isa = XCConfigurationList;
			buildConfigurations = (
				6A60260F2A6F919A002A4759 /* Debug */,
				6A6026102A6F919A002A4759 /* Release */,
			);
			defaultConfigurationIsVisible = 0;
			defaultConfigurationName = Release;
		};
		6A6026112A6F919A002A4759 /* Build configuration list for PBXNativeTarget "CustomAVPlayerTests" */ = {
			isa = XCConfigurationList;
			buildConfigurations = (
				6A6026122A6F919A002A4759 /* Debug */,
				6A6026132A6F919A002A4759 /* Release */,
			);
			defaultConfigurationIsVisible = 0;
			defaultConfigurationName = Release;
		};
/* End XCConfigurationList section */
	};
	rootObject = 6A6025F12A6F919A002A4759 /* Project object */;
}
